
Microsoft Visual Studio Solution File, Format Version 12.00
# Visual Studio 14
VisualStudioVersion = 14.0.25420.1
MinimumVisualStudioVersion = 10.0.40219.1
Project("{FAE04EC0-301F-11D3-BF4B-00C04F79EFBC}") = "01. Array Statistics", "01. Array Statistics\01. Array Statistics.csproj", "{EC8B274B-91EB-40C1-BA2E-EA5AC4F16974}"
EndProject
Project("{FAE04EC0-301F-11D3-BF4B-00C04F79EFBC}") = "00. TimeForSolution", "00. TimeForSolution\00. TimeForSolution.csproj", "{EBDCCF8B-01DB-441B-B58F-5D1B9C1CE66A}"
EndProject
Project("{FAE04EC0-301F-11D3-BF4B-00C04F79EFBC}") = "02. Manipulate Array", "02. Manipulate Array\02. Manipulate Array.csproj", "{B4677C0F-3054-4509-B79A-4BAB6B9F5C44}"
EndProject
Project("{FAE04EC0-301F-11D3-BF4B-00C04F79EFBC}") = "03. Safe Manipulation", "03. Safe Manipulation\03. Safe Manipulation.csproj", "{3F23278B-FFD7-425F-8B56-D9D47FD2D959}"
EndProject
Project("{FAE04EC0-301F-11D3-BF4B-00C04F79EFBC}") = "04. Grab and Go", "04. Grab and Go\04. Grab and Go.csproj", "{D33E80D5-0DB5-49D6-95C2-C97FC7C61DAF}"
EndProject
Project("{FAE04EC0-301F-11D3-BF4B-00C04F79EFBC}") = "05. Pizza Ingredients", "05. Pizza Ingredients\05. Pizza Ingredients.csproj", "{DFAF5540-70C6-4825-8028-19E206562FB1}"
EndProject
Project("{FAE04EC0-301F-11D3-BF4B-00C04F79EFBC}") = "06. Heists", "06. Heists\06. Heists.csproj", "{2F0A9493-4778-4C2C-BC0C-A653A212A736}"
EndProject
Project("{FAE04EC0-301F-11D3-BF4B-00C04F79EFBC}") = "07. Inventory Matcher", "07. Inventory Matcher\07. Inventory Matcher.csproj", "{261E41FF-A0D0-42B9-99D1-D1C647CA6B62}"
EndProject
Project("{FAE04EC0-301F-11D3-BF4B-00C04F79EFBC}") = "08. Upgraded Matcher", "08. Upgraded Matcher\08. Upgraded Matcher.csproj", "{9D9BE2EB-D49D-4822-8F98-655C5BA80742}"
EndProject
Project("{FAE04EC0-301F-11D3-BF4B-00C04F79EFBC}") = "09. Jump Around", "09. Jump Around\09. Jump Around.csproj", "{76921456-AE85-4B81-844E-4BD8D935E5F9}"
EndProject
Project("{FAE04EC0-301F-11D3-BF4B-00C04F79EFBC}") = "Test", "Test\Test.csproj", "{C7A808C2-A26E-40FF-878D-C5A5190F85B4}"
EndProject
Global
	GlobalSection(SolutionConfigurationPlatforms) = preSolution
		Debug|Any CPU = Debug|Any CPU
		Release|Any CPU = Release|Any CPU
	EndGlobalSection
	GlobalSection(ProjectConfigurationPlatforms) = postSolution
		{EC8B274B-91EB-40C1-BA2E-EA5AC4F16974}.Debug|Any CPU.ActiveCfg = Debug|Any CPU
		{EC8B274B-91EB-40C1-BA2E-EA5AC4F16974}.Debug|Any CPU.Build.0 = Debug|Any CPU
		{EC8B274B-91EB-40C1-BA2E-EA5AC4F16974}.Release|Any CPU.ActiveCfg = Release|Any CPU
		{EC8B274B-91EB-40C1-BA2E-EA5AC4F16974}.Release|Any CPU.Build.0 = Release|Any CPU
		{EBDCCF8B-01DB-441B-B58F-5D1B9C1CE66A}.Debug|Any CPU.ActiveCfg = Debug|Any CPU
		{EBDCCF8B-01DB-441B-B58F-5D1B9C1CE66A}.Debug|Any CPU.Build.0 = Debug|Any CPU
		{EBDCCF8B-01DB-441B-B58F-5D1B9C1CE66A}.Release|Any CPU.ActiveCfg = Release|Any CPU
		{EBDCCF8B-01DB-441B-B58F-5D1B9C1CE66A}.Release|Any CPU.Build.0 = Release|Any CPU
		{B4677C0F-3054-4509-B79A-4BAB6B9F5C44}.Debug|Any CPU.ActiveCfg = Debug|Any CPU
		{B4677C0F-3054-4509-B79A-4BAB6B9F5C44}.Debug|Any CPU.Build.0 = Debug|Any CPU
		{B4677C0F-3054-4509-B79A-4BAB6B9F5C44}.Release|Any CPU.ActiveCfg = Release|Any CPU
		{B4677C0F-3054-4509-B79A-4BAB6B9F5C44}.Release|Any CPU.Build.0 = Release|Any CPU
		{3F23278B-FFD7-425F-8B56-D9D47FD2D959}.Debug|Any CPU.ActiveCfg = Debug|Any CPU
		{3F23278B-FFD7-425F-8B56-D9D47FD2D959}.Debug|Any CPU.Build.0 = Debug|Any CPU
		{3F23278B-FFD7-425F-8B56-D9D47FD2D959}.Release|Any CPU.ActiveCfg = Release|Any CPU
		{3F23278B-FFD7-425F-8B56-D9D47FD2D959}.Release|Any CPU.Build.0 = Release|Any CPU
		{D33E80D5-0DB5-49D6-95C2-C97FC7C61DAF}.Debug|Any CPU.ActiveCfg = Debug|Any CPU
		{D33E80D5-0DB5-49D6-95C2-C97FC7C61DAF}.Debug|Any CPU.Build.0 = Debug|Any CPU
		{D33E80D5-0DB5-49D6-95C2-C97FC7C61DAF}.Release|Any CPU.ActiveCfg = Release|Any CPU
		{D33E80D5-0DB5-49D6-95C2-C97FC7C61DAF}.Release|Any CPU.Build.0 = Release|Any CPU
		{DFAF5540-70C6-4825-8028-19E206562FB1}.Debug|Any CPU.ActiveCfg = Debug|Any CPU
		{DFAF5540-70C6-4825-8028-19E206562FB1}.Debug|Any CPU.Build.0 = Debug|Any CPU
		{DFAF5540-70C6-4825-8028-19E206562FB1}.Release|Any CPU.ActiveCfg = Release|Any CPU
		{DFAF5540-70C6-4825-8028-19E206562FB1}.Release|Any CPU.Build.0 = Release|Any CPU
		{2F0A9493-4778-4C2C-BC0C-A653A212A736}.Debug|Any CPU.ActiveCfg = Debug|Any CPU
		{2F0A9493-4778-4C2C-BC0C-A653A212A736}.Debug|Any CPU.Build.0 = Debug|Any CPU
		{2F0A9493-4778-4C2C-BC0C-A653A212A736}.Release|Any CPU.ActiveCfg = Release|Any CPU
		{2F0A9493-4778-4C2C-BC0C-A653A212A736}.Release|Any CPU.Build.0 = Release|Any CPU
		{261E41FF-A0D0-42B9-99D1-D1C647CA6B62}.Debug|Any CPU.ActiveCfg = Debug|Any CPU
		{261E41FF-A0D0-42B9-99D1-D1C647CA6B62}.Debug|Any CPU.Build.0 = Debug|Any CPU
		{261E41FF-A0D0-42B9-99D1-D1C647CA6B62}.Release|Any CPU.ActiveCfg = Release|Any CPU
		{261E41FF-A0D0-42B9-99D1-D1C647CA6B62}.Release|Any CPU.Build.0 = Release|Any CPU
		{9D9BE2EB-D49D-4822-8F98-655C5BA80742}.Debug|Any CPU.ActiveCfg = Debug|Any CPU
		{9D9BE2EB-D49D-4822-8F98-655C5BA80742}.Debug|Any CPU.Build.0 = Debug|Any CPU
		{9D9BE2EB-D49D-4822-8F98-655C5BA80742}.Release|Any CPU.ActiveCfg = Release|Any CPU
		{9D9BE2EB-D49D-4822-8F98-655C5BA80742}.Release|Any CPU.Build.0 = Release|Any CPU
		{76921456-AE85-4B81-844E-4BD8D935E5F9}.Debug|Any CPU.ActiveCfg = Debug|Any CPU
		{76921456-AE85-4B81-844E-4BD8D935E5F9}.Debug|Any CPU.Build.0 = Debug|Any CPU
		{76921456-AE85-4B81-844E-4BD8D935E5F9}.Release|Any CPU.ActiveCfg = Release|Any CPU
		{76921456-AE85-4B81-844E-4BD8D935E5F9}.Release|Any CPU.Build.0 = Release|Any CPU
		{C7A808C2-A26E-40FF-878D-C5A5190F85B4}.Debug|Any CPU.ActiveCfg = Debug|Any CPU
		{C7A808C2-A26E-40FF-878D-C5A5190F85B4}.Debug|Any CPU.Build.0 = Debug|Any CPU
		{C7A808C2-A26E-40FF-878D-C5A5190F85B4}.Release|Any CPU.ActiveCfg = Release|Any CPU
		{C7A808C2-A26E-40FF-878D-C5A5190F85B4}.Release|Any CPU.Build.0 = Release|Any CPU
	EndGlobalSection
	GlobalSection(SolutionProperties) = preSolution
		HideSolutionNode = FALSE
	EndGlobalSection
EndGlobal
