
Microsoft Visual Studio Solution File, Format Version 12.00
# Visual Studio 14
VisualStudioVersion = 14.0.25420.1
MinimumVisualStudioVersion = 10.0.40219.1
Project("{FAE04EC0-301F-11D3-BF4B-00C04F79EFBC}") = "00. TimeForSolution", "00. TimeForSolution\00. TimeForSolution.csproj", "{6B9E13BD-F349-4207-A9E1-E4AE03EC58BA}"
EndProject
Project("{FAE04EC0-301F-11D3-BF4B-00C04F79EFBC}") = "01. Order by Age", "01. Order by Age\01. Order by Age.csproj", "{5E351F88-C5DC-4B37-B052-398E36267680}"
EndProject
Project("{FAE04EC0-301F-11D3-BF4B-00C04F79EFBC}") = "02. Vehicle Catalogue", "02. Vehicle Catalogue\02. Vehicle Catalogue.csproj", "{E62FAEDF-0824-4B97-842D-E6AB4ABCF9F5}"
EndProject
Project("{FAE04EC0-301F-11D3-BF4B-00C04F79EFBC}") = "03. Jarvis", "03. Jarvis\03. Jarvis.csproj", "{FB74D901-3FEB-4E29-9788-BA731B5F2157}"
EndProject
Project("{FAE04EC0-301F-11D3-BF4B-00C04F79EFBC}") = "04. Punctuation Finder", "04. Punctuation Finder\04. Punctuation Finder.csproj", "{64D6F22C-F8ED-4B4B-A558-001F60D03707}"
EndProject
Project("{FAE04EC0-301F-11D3-BF4B-00C04F79EFBC}") = "05. Write to File", "05. Write to File\05. Write to File.csproj", "{8D95FB5F-0C8F-4ECE-9E80-459582843B58}"
EndProject
Project("{FAE04EC0-301F-11D3-BF4B-00C04F79EFBC}") = "06.  EXCELlent Knowledge", "06.  EXCELlent Knowledge\06.  EXCELlent Knowledge.csproj", "{A9056BDF-FC60-403C-949C-45B40B2647E2}"
EndProject
Project("{FAE04EC0-301F-11D3-BF4B-00C04F79EFBC}") = "07. Play Catch", "07. Play Catch\07. Play Catch.csproj", "{3F3E6112-138B-4FAF-B671-A262476F3658}"
EndProject
Project("{FAE04EC0-301F-11D3-BF4B-00C04F79EFBC}") = "08.  Personal Exception", "08.  Personal Exception\08.  Personal Exception.csproj", "{AB7C1ABA-A79A-45EE-A8D2-3D1E01972094}"
EndProject
Project("{FAE04EC0-301F-11D3-BF4B-00C04F79EFBC}") = "Test", "Test\Test.csproj", "{5B79AF52-D356-4490-A599-C8DAF07477A7}"
EndProject
Global
	GlobalSection(SolutionConfigurationPlatforms) = preSolution
		Debug|Any CPU = Debug|Any CPU
		Release|Any CPU = Release|Any CPU
	EndGlobalSection
	GlobalSection(ProjectConfigurationPlatforms) = postSolution
		{6B9E13BD-F349-4207-A9E1-E4AE03EC58BA}.Debug|Any CPU.ActiveCfg = Debug|Any CPU
		{6B9E13BD-F349-4207-A9E1-E4AE03EC58BA}.Debug|Any CPU.Build.0 = Debug|Any CPU
		{6B9E13BD-F349-4207-A9E1-E4AE03EC58BA}.Release|Any CPU.ActiveCfg = Release|Any CPU
		{6B9E13BD-F349-4207-A9E1-E4AE03EC58BA}.Release|Any CPU.Build.0 = Release|Any CPU
		{5E351F88-C5DC-4B37-B052-398E36267680}.Debug|Any CPU.ActiveCfg = Debug|Any CPU
		{5E351F88-C5DC-4B37-B052-398E36267680}.Debug|Any CPU.Build.0 = Debug|Any CPU
		{5E351F88-C5DC-4B37-B052-398E36267680}.Release|Any CPU.ActiveCfg = Release|Any CPU
		{5E351F88-C5DC-4B37-B052-398E36267680}.Release|Any CPU.Build.0 = Release|Any CPU
		{E62FAEDF-0824-4B97-842D-E6AB4ABCF9F5}.Debug|Any CPU.ActiveCfg = Debug|Any CPU
		{E62FAEDF-0824-4B97-842D-E6AB4ABCF9F5}.Debug|Any CPU.Build.0 = Debug|Any CPU
		{E62FAEDF-0824-4B97-842D-E6AB4ABCF9F5}.Release|Any CPU.ActiveCfg = Release|Any CPU
		{E62FAEDF-0824-4B97-842D-E6AB4ABCF9F5}.Release|Any CPU.Build.0 = Release|Any CPU
		{FB74D901-3FEB-4E29-9788-BA731B5F2157}.Debug|Any CPU.ActiveCfg = Debug|Any CPU
		{FB74D901-3FEB-4E29-9788-BA731B5F2157}.Debug|Any CPU.Build.0 = Debug|Any CPU
		{FB74D901-3FEB-4E29-9788-BA731B5F2157}.Release|Any CPU.ActiveCfg = Release|Any CPU
		{FB74D901-3FEB-4E29-9788-BA731B5F2157}.Release|Any CPU.Build.0 = Release|Any CPU
		{64D6F22C-F8ED-4B4B-A558-001F60D03707}.Debug|Any CPU.ActiveCfg = Debug|Any CPU
		{64D6F22C-F8ED-4B4B-A558-001F60D03707}.Debug|Any CPU.Build.0 = Debug|Any CPU
		{64D6F22C-F8ED-4B4B-A558-001F60D03707}.Release|Any CPU.ActiveCfg = Release|Any CPU
		{64D6F22C-F8ED-4B4B-A558-001F60D03707}.Release|Any CPU.Build.0 = Release|Any CPU
		{8D95FB5F-0C8F-4ECE-9E80-459582843B58}.Debug|Any CPU.ActiveCfg = Debug|Any CPU
		{8D95FB5F-0C8F-4ECE-9E80-459582843B58}.Debug|Any CPU.Build.0 = Debug|Any CPU
		{8D95FB5F-0C8F-4ECE-9E80-459582843B58}.Release|Any CPU.ActiveCfg = Release|Any CPU
		{8D95FB5F-0C8F-4ECE-9E80-459582843B58}.Release|Any CPU.Build.0 = Release|Any CPU
		{A9056BDF-FC60-403C-949C-45B40B2647E2}.Debug|Any CPU.ActiveCfg = Debug|Any CPU
		{A9056BDF-FC60-403C-949C-45B40B2647E2}.Debug|Any CPU.Build.0 = Debug|Any CPU
		{A9056BDF-FC60-403C-949C-45B40B2647E2}.Release|Any CPU.ActiveCfg = Release|Any CPU
		{A9056BDF-FC60-403C-949C-45B40B2647E2}.Release|Any CPU.Build.0 = Release|Any CPU
		{3F3E6112-138B-4FAF-B671-A262476F3658}.Debug|Any CPU.ActiveCfg = Debug|Any CPU
		{3F3E6112-138B-4FAF-B671-A262476F3658}.Debug|Any CPU.Build.0 = Debug|Any CPU
		{3F3E6112-138B-4FAF-B671-A262476F3658}.Release|Any CPU.ActiveCfg = Release|Any CPU
		{3F3E6112-138B-4FAF-B671-A262476F3658}.Release|Any CPU.Build.0 = Release|Any CPU
		{AB7C1ABA-A79A-45EE-A8D2-3D1E01972094}.Debug|Any CPU.ActiveCfg = Debug|Any CPU
		{AB7C1ABA-A79A-45EE-A8D2-3D1E01972094}.Debug|Any CPU.Build.0 = Debug|Any CPU
		{AB7C1ABA-A79A-45EE-A8D2-3D1E01972094}.Release|Any CPU.ActiveCfg = Release|Any CPU
		{AB7C1ABA-A79A-45EE-A8D2-3D1E01972094}.Release|Any CPU.Build.0 = Release|Any CPU
		{5B79AF52-D356-4490-A599-C8DAF07477A7}.Debug|Any CPU.ActiveCfg = Debug|Any CPU
		{5B79AF52-D356-4490-A599-C8DAF07477A7}.Debug|Any CPU.Build.0 = Debug|Any CPU
		{5B79AF52-D356-4490-A599-C8DAF07477A7}.Release|Any CPU.ActiveCfg = Release|Any CPU
		{5B79AF52-D356-4490-A599-C8DAF07477A7}.Release|Any CPU.Build.0 = Release|Any CPU
	EndGlobalSection
	GlobalSection(SolutionProperties) = preSolution
		HideSolutionNode = FALSE
	EndGlobalSection
EndGlobal
